
Microsoft Visual Studio Solution File, Format Version 12.00
# Visual Studio Version 16
VisualStudioVersion = 16.0.30804.86
MinimumVisualStudioVersion = 10.0.40219.1
Project("{9A19103F-16F7-4668-BE54-9A1E7A4F7556}") = "Summer.App", "src\Summer.App\Summer.App.csproj", "{05C34BAD-7937-44A9-880E-EB983D4C5EF2}"
EndProject
Project("{9A19103F-16F7-4668-BE54-9A1E7A4F7556}") = "Summer.Web", "src\Summer.Web\Summer.Web.csproj", "{63C90A2E-2B96-4234-9BC4-5E84D1C488A4}"
EndProject
Project("{9A19103F-16F7-4668-BE54-9A1E7A4F7556}") = "Summer.App.Contracts", "src\Summer.App.Contracts\Summer.App.Contracts.csproj", "{5753CA51-C23E-480D-AC96-6394D9D6D43D}"
EndProject
Project("{9A19103F-16F7-4668-BE54-9A1E7A4F7556}") = "Summer.Core", "src\Summer.Core\Summer.Core.csproj", "{0E2B4EEE-E331-4FB0-A61C-8850C7E3946B}"
EndProject
Project("{9A19103F-16F7-4668-BE54-9A1E7A4F7556}") = "Summer.App.DbMigrator", "src\Summer.App.DbMigrator\Summer.App.DbMigrator.csproj", "{71D3D529-DCE9-4CD5-91BC-5F80E8D83973}"
EndProject
Project("{2150E333-8FDC-42A3-9474-1A3956D46DE8}") = "src", "src", "{81F2515A-A469-4D5E-AB58-F8E8565976A9}"
EndProject
Project("{2150E333-8FDC-42A3-9474-1A3956D46DE8}") = "Solution Items", "Solution Items", "{B52DF070-A14B-4281-86A8-3D59DDBE1F31}"
	ProjectSection(SolutionItems) = preProject
		.gitignore = .gitignore
		LICENSE = LICENSE
		README.md = README.md
	EndProjectSection
EndProject
Project("{2150E333-8FDC-42A3-9474-1A3956D46DE8}") = "test", "test", "{5AF64135-8E4E-4328-B0DC-B6FAEEE8EB33}"
EndProject
Global
	GlobalSection(SolutionConfigurationPlatforms) = preSolution
		Debug|Any CPU = Debug|Any CPU
		Release|Any CPU = Release|Any CPU
	EndGlobalSection
	GlobalSection(ProjectConfigurationPlatforms) = postSolution
		{05C34BAD-7937-44A9-880E-EB983D4C5EF2}.Debug|Any CPU.ActiveCfg = Debug|Any CPU
		{05C34BAD-7937-44A9-880E-EB983D4C5EF2}.Debug|Any CPU.Build.0 = Debug|Any CPU
		{05C34BAD-7937-44A9-880E-EB983D4C5EF2}.Release|Any CPU.ActiveCfg = Release|Any CPU
		{05C34BAD-7937-44A9-880E-EB983D4C5EF2}.Release|Any CPU.Build.0 = Release|Any CPU
		{63C90A2E-2B96-4234-9BC4-5E84D1C488A4}.Debug|Any CPU.ActiveCfg = Debug|Any CPU
		{63C90A2E-2B96-4234-9BC4-5E84D1C488A4}.Debug|Any CPU.Build.0 = Debug|Any CPU
		{63C90A2E-2B96-4234-9BC4-5E84D1C488A4}.Release|Any CPU.ActiveCfg = Release|Any CPU
		{63C90A2E-2B96-4234-9BC4-5E84D1C488A4}.Release|Any CPU.Build.0 = Release|Any CPU
		{5753CA51-C23E-480D-AC96-6394D9D6D43D}.Debug|Any CPU.ActiveCfg = Debug|Any CPU
		{5753CA51-C23E-480D-AC96-6394D9D6D43D}.Debug|Any CPU.Build.0 = Debug|Any CPU
		{5753CA51-C23E-480D-AC96-6394D9D6D43D}.Release|Any CPU.ActiveCfg = Release|Any CPU
		{5753CA51-C23E-480D-AC96-6394D9D6D43D}.Release|Any CPU.Build.0 = Release|Any CPU
		{0E2B4EEE-E331-4FB0-A61C-8850C7E3946B}.Debug|Any CPU.ActiveCfg = Debug|Any CPU
		{0E2B4EEE-E331-4FB0-A61C-8850C7E3946B}.Debug|Any CPU.Build.0 = Debug|Any CPU
		{0E2B4EEE-E331-4FB0-A61C-8850C7E3946B}.Release|Any CPU.ActiveCfg = Release|Any CPU
		{0E2B4EEE-E331-4FB0-A61C-8850C7E3946B}.Release|Any CPU.Build.0 = Release|Any CPU
		{71D3D529-DCE9-4CD5-91BC-5F80E8D83973}.Debug|Any CPU.ActiveCfg = Debug|Any CPU
		{71D3D529-DCE9-4CD5-91BC-5F80E8D83973}.Debug|Any CPU.Build.0 = Debug|Any CPU
		{71D3D529-DCE9-4CD5-91BC-5F80E8D83973}.Release|Any CPU.ActiveCfg = Release|Any CPU
		{71D3D529-DCE9-4CD5-91BC-5F80E8D83973}.Release|Any CPU.Build.0 = Release|Any CPU
	EndGlobalSection
	GlobalSection(SolutionProperties) = preSolution
		HideSolutionNode = FALSE
	EndGlobalSection
	GlobalSection(NestedProjects) = preSolution
		{05C34BAD-7937-44A9-880E-EB983D4C5EF2} = {81F2515A-A469-4D5E-AB58-F8E8565976A9}
		{63C90A2E-2B96-4234-9BC4-5E84D1C488A4} = {81F2515A-A469-4D5E-AB58-F8E8565976A9}
		{5753CA51-C23E-480D-AC96-6394D9D6D43D} = {81F2515A-A469-4D5E-AB58-F8E8565976A9}
		{0E2B4EEE-E331-4FB0-A61C-8850C7E3946B} = {81F2515A-A469-4D5E-AB58-F8E8565976A9}
		{71D3D529-DCE9-4CD5-91BC-5F80E8D83973} = {81F2515A-A469-4D5E-AB58-F8E8565976A9}
	EndGlobalSection
	GlobalSection(ExtensibilityGlobals) = postSolution
		SolutionGuid = {36765969-E396-4771-ABAC-E9933EFC0B83}
	EndGlobalSection
EndGlobal
